
Microsoft Visual Studio Solution File, Format Version 12.00
# Visual Studio Version 16
VisualStudioVersion = 16.0.30621.155
MinimumVisualStudioVersion = 10.0.40219.1
Project("{FAE04EC0-301F-11D3-BF4B-00C04F79EFBC}") = "Casse-Briques", "Casse-Briques\Casse-Briques.csproj", "{11D4A0A3-9573-4586-8030-94493A80288A}"
EndProject
Global
	GlobalSection(SolutionConfigurationPlatforms) = preSolution
		Debug|Any CPU = Debug|Any CPU
		Release|Any CPU = Release|Any CPU
	EndGlobalSection
	GlobalSection(ProjectConfigurationPlatforms) = postSolution
		{11D4A0A3-9573-4586-8030-94493A80288A}.Debug|Any CPU.ActiveCfg = Debug|Any CPU
		{11D4A0A3-9573-4586-8030-94493A80288A}.Debug|Any CPU.Build.0 = Debug|Any CPU
		{11D4A0A3-9573-4586-8030-94493A80288A}.Release|Any CPU.ActiveCfg = Release|Any CPU
		{11D4A0A3-9573-4586-8030-94493A80288A}.Release|Any CPU.Build.0 = Release|Any CPU
	EndGlobalSection
	GlobalSection(SolutionProperties) = preSolution
		HideSolutionNode = FALSE
	EndGlobalSection
	GlobalSection(ExtensibilityGlobals) = postSolution
		SolutionGuid = {56C57245-DB3F-4841-8279-E61B273248CA}
	EndGlobalSection
EndGlobal
